
Microsoft Visual Studio Solution File, Format Version 12.00
# Visual Studio Version 16
VisualStudioVersion = 16.0.31410.357
MinimumVisualStudioVersion = 10.0.40219.1
Project("{9A19103F-16F7-4668-BE54-9A1E7A4F7556}") = "HtmlExtensions.Core", "HtmlExtensions.Core\HtmlExtensions.Core.csproj", "{92BA59E5-1417-4402-9B9A-0F336EB56E77}"
EndProject
Project("{FAE04EC0-301F-11D3-BF4B-00C04F79EFBC}") = "HtmlExtension.Core.Web", "HtmlExtension.Core.Web\HtmlExtension.Core.Web.csproj", "{285FC913-79C7-46B0-972B-4D6874063E5C}"
EndProject
Global
	GlobalSection(SolutionConfigurationPlatforms) = preSolution
		Debug|Any CPU = Debug|Any CPU
		Release|Any CPU = Release|Any CPU
	EndGlobalSection
	GlobalSection(ProjectConfigurationPlatforms) = postSolution
		{92BA59E5-1417-4402-9B9A-0F336EB56E77}.Debug|Any CPU.ActiveCfg = Debug|Any CPU
		{92BA59E5-1417-4402-9B9A-0F336EB56E77}.Debug|Any CPU.Build.0 = Debug|Any CPU
		{92BA59E5-1417-4402-9B9A-0F336EB56E77}.Release|Any CPU.ActiveCfg = Release|Any CPU
		{92BA59E5-1417-4402-9B9A-0F336EB56E77}.Release|Any CPU.Build.0 = Release|Any CPU
		{285FC913-79C7-46B0-972B-4D6874063E5C}.Debug|Any CPU.ActiveCfg = Debug|Any CPU
		{285FC913-79C7-46B0-972B-4D6874063E5C}.Debug|Any CPU.Build.0 = Debug|Any CPU
		{285FC913-79C7-46B0-972B-4D6874063E5C}.Release|Any CPU.ActiveCfg = Release|Any CPU
		{285FC913-79C7-46B0-972B-4D6874063E5C}.Release|Any CPU.Build.0 = Release|Any CPU
	EndGlobalSection
	GlobalSection(SolutionProperties) = preSolution
		HideSolutionNode = FALSE
	EndGlobalSection
	GlobalSection(ExtensibilityGlobals) = postSolution
		SolutionGuid = {F73F0593-9465-4B13-8DA6-8B23653B9EA3}
	EndGlobalSection
EndGlobal
